
Microsoft Visual Studio Solution File, Format Version 12.00
# Visual Studio Version 16
VisualStudioVersion = 16.0.31205.134
MinimumVisualStudioVersion = 10.0.40219.1
Project("{FAE04EC0-301F-11D3-BF4B-00C04F79EFBC}") = "UI", "IU\UI.csproj", "{50B83DC6-90B5-41E5-AFA8-6136A4BA1903}"
EndProject
Project("{FAE04EC0-301F-11D3-BF4B-00C04F79EFBC}") = "BL", "BL\BL.csproj", "{999D3564-AF14-4282-A754-07A49D634E0B}"
EndProject
Project("{FAE04EC0-301F-11D3-BF4B-00C04F79EFBC}") = "DA", "DA\DA.csproj", "{FDB6B395-2E8E-42D2-A0B2-1E36516A38E0}"
EndProject
Project("{FAE04EC0-301F-11D3-BF4B-00C04F79EFBC}") = "DOM", "DOM\DOM.csproj", "{DEE3E678-C51A-45AC-A74E-94C34D35886D}"
EndProject
Project("{FAE04EC0-301F-11D3-BF4B-00C04F79EFBC}") = "ContextDB", "ContextDB\ContextDB.csproj", "{D85977BF-E05E-4E6F-BF60-8098BCC8DB84}"
EndProject
Global
	GlobalSection(SolutionConfigurationPlatforms) = preSolution
		Debug|Any CPU = Debug|Any CPU
		Release|Any CPU = Release|Any CPU
	EndGlobalSection
	GlobalSection(ProjectConfigurationPlatforms) = postSolution
		{50B83DC6-90B5-41E5-AFA8-6136A4BA1903}.Debug|Any CPU.ActiveCfg = Debug|Any CPU
		{50B83DC6-90B5-41E5-AFA8-6136A4BA1903}.Debug|Any CPU.Build.0 = Debug|Any CPU
		{50B83DC6-90B5-41E5-AFA8-6136A4BA1903}.Release|Any CPU.ActiveCfg = Release|Any CPU
		{50B83DC6-90B5-41E5-AFA8-6136A4BA1903}.Release|Any CPU.Build.0 = Release|Any CPU
		{999D3564-AF14-4282-A754-07A49D634E0B}.Debug|Any CPU.ActiveCfg = Debug|Any CPU
		{999D3564-AF14-4282-A754-07A49D634E0B}.Debug|Any CPU.Build.0 = Debug|Any CPU
		{999D3564-AF14-4282-A754-07A49D634E0B}.Release|Any CPU.ActiveCfg = Release|Any CPU
		{999D3564-AF14-4282-A754-07A49D634E0B}.Release|Any CPU.Build.0 = Release|Any CPU
		{FDB6B395-2E8E-42D2-A0B2-1E36516A38E0}.Debug|Any CPU.ActiveCfg = Debug|Any CPU
		{FDB6B395-2E8E-42D2-A0B2-1E36516A38E0}.Debug|Any CPU.Build.0 = Debug|Any CPU
		{FDB6B395-2E8E-42D2-A0B2-1E36516A38E0}.Release|Any CPU.ActiveCfg = Release|Any CPU
		{FDB6B395-2E8E-42D2-A0B2-1E36516A38E0}.Release|Any CPU.Build.0 = Release|Any CPU
		{DEE3E678-C51A-45AC-A74E-94C34D35886D}.Debug|Any CPU.ActiveCfg = Debug|Any CPU
		{DEE3E678-C51A-45AC-A74E-94C34D35886D}.Debug|Any CPU.Build.0 = Debug|Any CPU
		{DEE3E678-C51A-45AC-A74E-94C34D35886D}.Release|Any CPU.ActiveCfg = Release|Any CPU
		{DEE3E678-C51A-45AC-A74E-94C34D35886D}.Release|Any CPU.Build.0 = Release|Any CPU
		{D85977BF-E05E-4E6F-BF60-8098BCC8DB84}.Debug|Any CPU.ActiveCfg = Debug|Any CPU
		{D85977BF-E05E-4E6F-BF60-8098BCC8DB84}.Debug|Any CPU.Build.0 = Debug|Any CPU
		{D85977BF-E05E-4E6F-BF60-8098BCC8DB84}.Release|Any CPU.ActiveCfg = Release|Any CPU
		{D85977BF-E05E-4E6F-BF60-8098BCC8DB84}.Release|Any CPU.Build.0 = Release|Any CPU
	EndGlobalSection
	GlobalSection(SolutionProperties) = preSolution
		HideSolutionNode = FALSE
	EndGlobalSection
	GlobalSection(ExtensibilityGlobals) = postSolution
		SolutionGuid = {2149AC7F-F4E1-48A3-8432-FED69B6B4EBE}
	EndGlobalSection
EndGlobal
